
Microsoft Visual Studio Solution File, Format Version 12.00
# Visual Studio Version 17
VisualStudioVersion = 17.3.32929.385
MinimumVisualStudioVersion = 10.0.40219.1
Project("{9A19103F-16F7-4668-BE54-9A1E7A4F7556}") = "Assesment6DotNET", "Assesment6DotNET\Assesment6DotNET.csproj", "{9E0CE175-2ADE-4AF5-8250-68CAE1D7AF41}"
EndProject
Project("{FAE04EC0-301F-11D3-BF4B-00C04F79EFBC}") = "TestingAssesment6", "TestingAssesment6\TestingAssesment6.csproj", "{03F6AEE9-81E4-4232-AB00-B40B7020F1EF}"
	ProjectSection(ProjectDependencies) = postProject
		{9E0CE175-2ADE-4AF5-8250-68CAE1D7AF41} = {9E0CE175-2ADE-4AF5-8250-68CAE1D7AF41}
	EndProjectSection
EndProject
Global
	GlobalSection(SolutionConfigurationPlatforms) = preSolution
		Debug|Any CPU = Debug|Any CPU
		Release|Any CPU = Release|Any CPU
	EndGlobalSection
	GlobalSection(ProjectConfigurationPlatforms) = postSolution
		{9E0CE175-2ADE-4AF5-8250-68CAE1D7AF41}.Debug|Any CPU.ActiveCfg = Debug|Any CPU
		{9E0CE175-2ADE-4AF5-8250-68CAE1D7AF41}.Debug|Any CPU.Build.0 = Debug|Any CPU
		{9E0CE175-2ADE-4AF5-8250-68CAE1D7AF41}.Release|Any CPU.ActiveCfg = Release|Any CPU
		{9E0CE175-2ADE-4AF5-8250-68CAE1D7AF41}.Release|Any CPU.Build.0 = Release|Any CPU
		{03F6AEE9-81E4-4232-AB00-B40B7020F1EF}.Debug|Any CPU.ActiveCfg = Debug|Any CPU
		{03F6AEE9-81E4-4232-AB00-B40B7020F1EF}.Debug|Any CPU.Build.0 = Debug|Any CPU
		{03F6AEE9-81E4-4232-AB00-B40B7020F1EF}.Release|Any CPU.ActiveCfg = Release|Any CPU
		{03F6AEE9-81E4-4232-AB00-B40B7020F1EF}.Release|Any CPU.Build.0 = Release|Any CPU
	EndGlobalSection
	GlobalSection(SolutionProperties) = preSolution
		HideSolutionNode = FALSE
	EndGlobalSection
	GlobalSection(ExtensibilityGlobals) = postSolution
		SolutionGuid = {E168B2DB-7140-4F18-A434-5462AE5E93D1}
	EndGlobalSection
EndGlobal
